
Microsoft Visual Studio Solution File, Format Version 12.00
# Visual Studio Version 17
VisualStudioVersion = 17.13.35931.197 d17.13
MinimumVisualStudioVersion = 10.0.40219.1
Project("{FAE04EC0-301F-11D3-BF4B-00C04F79EFBC}") = "BusinessObjects", "BusinessObjects\BusinessObjects.csproj", "{3805F0DB-EC2B-4BB9-9787-E22B99ED0C4B}"
EndProject
Project("{FAE04EC0-301F-11D3-BF4B-00C04F79EFBC}") = "DataAccessObjects", "DataAccessObjects\DataAccessObjects.csproj", "{5B33B489-83B8-48B9-95B5-3E03AAB508AF}"
EndProject
Project("{FAE04EC0-301F-11D3-BF4B-00C04F79EFBC}") = "Repositories", "Repositories\Repositories.csproj", "{25A9C904-A748-493A-937B-1B5BFF2CF1B1}"
EndProject
Project("{FAE04EC0-301F-11D3-BF4B-00C04F79EFBC}") = "Services", "Services\Services.csproj", "{686F6AFC-CD4A-48C4-9AF8-148102406981}"
EndProject
Global
	GlobalSection(SolutionConfigurationPlatforms) = preSolution
		Debug|Any CPU = Debug|Any CPU
		Release|Any CPU = Release|Any CPU
	EndGlobalSection
	GlobalSection(ProjectConfigurationPlatforms) = postSolution
		{3805F0DB-EC2B-4BB9-9787-E22B99ED0C4B}.Debug|Any CPU.ActiveCfg = Debug|Any CPU
		{3805F0DB-EC2B-4BB9-9787-E22B99ED0C4B}.Debug|Any CPU.Build.0 = Debug|Any CPU
		{3805F0DB-EC2B-4BB9-9787-E22B99ED0C4B}.Release|Any CPU.ActiveCfg = Release|Any CPU
		{3805F0DB-EC2B-4BB9-9787-E22B99ED0C4B}.Release|Any CPU.Build.0 = Release|Any CPU
		{5B33B489-83B8-48B9-95B5-3E03AAB508AF}.Debug|Any CPU.ActiveCfg = Debug|Any CPU
		{5B33B489-83B8-48B9-95B5-3E03AAB508AF}.Debug|Any CPU.Build.0 = Debug|Any CPU
		{5B33B489-83B8-48B9-95B5-3E03AAB508AF}.Release|Any CPU.ActiveCfg = Release|Any CPU
		{5B33B489-83B8-48B9-95B5-3E03AAB508AF}.Release|Any CPU.Build.0 = Release|Any CPU
		{25A9C904-A748-493A-937B-1B5BFF2CF1B1}.Debug|Any CPU.ActiveCfg = Debug|Any CPU
		{25A9C904-A748-493A-937B-1B5BFF2CF1B1}.Debug|Any CPU.Build.0 = Debug|Any CPU
		{25A9C904-A748-493A-937B-1B5BFF2CF1B1}.Release|Any CPU.ActiveCfg = Release|Any CPU
		{25A9C904-A748-493A-937B-1B5BFF2CF1B1}.Release|Any CPU.Build.0 = Release|Any CPU
		{686F6AFC-CD4A-48C4-9AF8-148102406981}.Debug|Any CPU.ActiveCfg = Debug|Any CPU
		{686F6AFC-CD4A-48C4-9AF8-148102406981}.Debug|Any CPU.Build.0 = Debug|Any CPU
		{686F6AFC-CD4A-48C4-9AF8-148102406981}.Release|Any CPU.ActiveCfg = Release|Any CPU
		{686F6AFC-CD4A-48C4-9AF8-148102406981}.Release|Any CPU.Build.0 = Release|Any CPU
	EndGlobalSection
	GlobalSection(SolutionProperties) = preSolution
		HideSolutionNode = FALSE
	EndGlobalSection
	GlobalSection(ExtensibilityGlobals) = postSolution
		SolutionGuid = {7834A0AD-D891-48FD-9C11-9664CEAE2BEA}
	EndGlobalSection
EndGlobal
